
Microsoft Visual Studio Solution File, Format Version 10.00
# Visual Studio 2008
Project("{8BC9CEB8-8B4A-11D0-8D11-00A0C91BC942}") = "core", "core\core.vcproj", "{A52B51E4-E717-4F19-BD43-4BE941420B08}"
EndProject
Project("{8BC9CEB8-8B4A-11D0-8D11-00A0C91BC942}") = "pgc", "pgc\pgc.vcproj", "{3F4A5835-832F-4058-9EAF-3CAB5702EC98}"
	ProjectSection(ProjectDependencies) = postProject
		{55B09566-11AA-42DD-A2AA-A359E9E8098E} = {55B09566-11AA-42DD-A2AA-A359E9E8098E}
	EndProjectSection
EndProject
Project("{8BC9CEB8-8B4A-11D0-8D11-00A0C91BC942}") = "libpgc", "libpgc\libpgc.vcproj", "{55B09566-11AA-42DD-A2AA-A359E9E8098E}"
EndProject
Project("{8BC9CEB8-8B4A-11D0-8D11-00A0C91BC942}") = "testpgc", "testpgc\testpgc.vcproj", "{35C20092-C46E-4F39-926B-D53F227C6F85}"
	ProjectSection(ProjectDependencies) = postProject
		{55B09566-11AA-42DD-A2AA-A359E9E8098E} = {55B09566-11AA-42DD-A2AA-A359E9E8098E}
	EndProjectSection
EndProject
Global
	GlobalSection(SolutionConfigurationPlatforms) = preSolution
		Debug|Win32 = Debug|Win32
		Debug|x64 = Debug|x64
		Release|Win32 = Release|Win32
		Release|x64 = Release|x64
	EndGlobalSection
	GlobalSection(ProjectConfigurationPlatforms) = postSolution
		{A52B51E4-E717-4F19-BD43-4BE941420B08}.Debug|Win32.ActiveCfg = Debug|Win32
		{A52B51E4-E717-4F19-BD43-4BE941420B08}.Debug|x64.ActiveCfg = Debug|x64
		{A52B51E4-E717-4F19-BD43-4BE941420B08}.Release|Win32.ActiveCfg = Release|Win32
		{A52B51E4-E717-4F19-BD43-4BE941420B08}.Release|x64.ActiveCfg = Release|x64
		{3F4A5835-832F-4058-9EAF-3CAB5702EC98}.Debug|Win32.ActiveCfg = Debug|Win32
		{3F4A5835-832F-4058-9EAF-3CAB5702EC98}.Debug|Win32.Build.0 = Debug|Win32
		{3F4A5835-832F-4058-9EAF-3CAB5702EC98}.Debug|x64.ActiveCfg = Debug|x64
		{3F4A5835-832F-4058-9EAF-3CAB5702EC98}.Release|Win32.ActiveCfg = Release|Win32
		{3F4A5835-832F-4058-9EAF-3CAB5702EC98}.Release|Win32.Build.0 = Release|Win32
		{3F4A5835-832F-4058-9EAF-3CAB5702EC98}.Release|x64.ActiveCfg = Release|x64
		{3F4A5835-832F-4058-9EAF-3CAB5702EC98}.Release|x64.Build.0 = Release|x64
		{55B09566-11AA-42DD-A2AA-A359E9E8098E}.Debug|Win32.ActiveCfg = Debug|Win32
		{55B09566-11AA-42DD-A2AA-A359E9E8098E}.Debug|Win32.Build.0 = Debug|Win32
		{55B09566-11AA-42DD-A2AA-A359E9E8098E}.Debug|x64.ActiveCfg = Debug|x64
		{55B09566-11AA-42DD-A2AA-A359E9E8098E}.Debug|x64.Build.0 = Debug|x64
		{55B09566-11AA-42DD-A2AA-A359E9E8098E}.Release|Win32.ActiveCfg = Release|Win32
		{55B09566-11AA-42DD-A2AA-A359E9E8098E}.Release|Win32.Build.0 = Release|Win32
		{55B09566-11AA-42DD-A2AA-A359E9E8098E}.Release|x64.ActiveCfg = Release|x64
		{55B09566-11AA-42DD-A2AA-A359E9E8098E}.Release|x64.Build.0 = Release|x64
		{35C20092-C46E-4F39-926B-D53F227C6F85}.Debug|Win32.ActiveCfg = Debug|Win32
		{35C20092-C46E-4F39-926B-D53F227C6F85}.Debug|x64.ActiveCfg = Debug|x64
		{35C20092-C46E-4F39-926B-D53F227C6F85}.Debug|x64.Build.0 = Debug|x64
		{35C20092-C46E-4F39-926B-D53F227C6F85}.Release|Win32.ActiveCfg = Release|Win32
		{35C20092-C46E-4F39-926B-D53F227C6F85}.Release|x64.ActiveCfg = Release|x64
		{35C20092-C46E-4F39-926B-D53F227C6F85}.Release|x64.Build.0 = Release|x64
	EndGlobalSection
	GlobalSection(SolutionProperties) = preSolution
		HideSolutionNode = FALSE
	EndGlobalSection
EndGlobal
